
Microsoft Visual Studio Solution File, Format Version 12.00
# Visual Studio Version 16
VisualStudioVersion = 16.0.31702.278
MinimumVisualStudioVersion = 10.0.40219.1
Project("{9A19103F-16F7-4668-BE54-9A1E7A4F7556}") = "Kaprekar", "KaprekarChallange\Kaprekar.csproj", "{C1B99CA6-8202-4001-8FB9-35BB3371BE27}"
EndProject
Project("{FAE04EC0-301F-11D3-BF4B-00C04F79EFBC}") = "variables", "variables\variables.csproj", "{2412AD3A-218B-4B81-9822-9E201FBE11B3}"
EndProject
Project("{FAE04EC0-301F-11D3-BF4B-00C04F79EFBC}") = "operators", "operators\operators.csproj", "{6E75E726-A230-4DD9-902F-5F16CC2931D0}"
EndProject
Project("{FAE04EC0-301F-11D3-BF4B-00C04F79EFBC}") = "HackerRank Challenge2", "HackerRank Challenge2\HackerRank Challenge2.csproj", "{11F2DD08-BC42-4865-A3B2-D95BBBFD7272}"
EndProject
Project("{FAE04EC0-301F-11D3-BF4B-00C04F79EFBC}") = "typeconversions", "typeconversions\typeconversions.csproj", "{4614C549-D2FA-465E-8148-688224FF9F47}"
EndProject
Project("{FAE04EC0-301F-11D3-BF4B-00C04F79EFBC}") = "errorhandling", "errorhandling\errorhandling.csproj", "{8A770C08-C34A-4C12-9063-7A4BBCAD0A27}"
EndProject
Project("{FAE04EC0-301F-11D3-BF4B-00C04F79EFBC}") = "if-else", "if-else\if-else.csproj", "{586941C0-1783-4804-BE81-A795E8C6BC6B}"
EndProject
Project("{FAE04EC0-301F-11D3-BF4B-00C04F79EFBC}") = "HackerRank Day3", "HackerRank Day3\HackerRank Day3.csproj", "{6DA38302-0C2B-4FC2-BB22-5102BBE10EFC}"
EndProject
Project("{FAE04EC0-301F-11D3-BF4B-00C04F79EFBC}") = "switch-case", "switch-case\switch-case.csproj", "{63454AE2-9DBF-4004-BDC9-8587CB4964A4}"
EndProject
Project("{FAE04EC0-301F-11D3-BF4B-00C04F79EFBC}") = "loops", "loops\loops.csproj", "{734067AF-4053-43C5-94E9-02E4847D8772}"
EndProject
Project("{FAE04EC0-301F-11D3-BF4B-00C04F79EFBC}") = "HackerRank Day5", "HackerRank Day5\HackerRank Day5.csproj", "{AC766AF3-FAE5-4BAB-9EF8-14ABCCCDB40E}"
EndProject
Project("{FAE04EC0-301F-11D3-BF4B-00C04F79EFBC}") = "While-Foreach", "While-Foreach\While-Foreach.csproj", "{E5155E2E-C0DF-4282-A3F4-F0B8C9BADC91}"
EndProject
Project("{FAE04EC0-301F-11D3-BF4B-00C04F79EFBC}") = "arrays", "arrays\arrays.csproj", "{618BD5C4-0840-404C-82D5-03EBCB83E1AA}"
EndProject
Global
	GlobalSection(SolutionConfigurationPlatforms) = preSolution
		Debug|Any CPU = Debug|Any CPU
		Release|Any CPU = Release|Any CPU
	EndGlobalSection
	GlobalSection(ProjectConfigurationPlatforms) = postSolution
		{C1B99CA6-8202-4001-8FB9-35BB3371BE27}.Debug|Any CPU.ActiveCfg = Debug|Any CPU
		{C1B99CA6-8202-4001-8FB9-35BB3371BE27}.Debug|Any CPU.Build.0 = Debug|Any CPU
		{C1B99CA6-8202-4001-8FB9-35BB3371BE27}.Release|Any CPU.ActiveCfg = Release|Any CPU
		{C1B99CA6-8202-4001-8FB9-35BB3371BE27}.Release|Any CPU.Build.0 = Release|Any CPU
		{2412AD3A-218B-4B81-9822-9E201FBE11B3}.Debug|Any CPU.ActiveCfg = Debug|Any CPU
		{2412AD3A-218B-4B81-9822-9E201FBE11B3}.Debug|Any CPU.Build.0 = Debug|Any CPU
		{2412AD3A-218B-4B81-9822-9E201FBE11B3}.Release|Any CPU.ActiveCfg = Release|Any CPU
		{2412AD3A-218B-4B81-9822-9E201FBE11B3}.Release|Any CPU.Build.0 = Release|Any CPU
		{6E75E726-A230-4DD9-902F-5F16CC2931D0}.Debug|Any CPU.ActiveCfg = Debug|Any CPU
		{6E75E726-A230-4DD9-902F-5F16CC2931D0}.Debug|Any CPU.Build.0 = Debug|Any CPU
		{6E75E726-A230-4DD9-902F-5F16CC2931D0}.Release|Any CPU.ActiveCfg = Release|Any CPU
		{6E75E726-A230-4DD9-902F-5F16CC2931D0}.Release|Any CPU.Build.0 = Release|Any CPU
		{11F2DD08-BC42-4865-A3B2-D95BBBFD7272}.Debug|Any CPU.ActiveCfg = Debug|Any CPU
		{11F2DD08-BC42-4865-A3B2-D95BBBFD7272}.Debug|Any CPU.Build.0 = Debug|Any CPU
		{11F2DD08-BC42-4865-A3B2-D95BBBFD7272}.Release|Any CPU.ActiveCfg = Release|Any CPU
		{11F2DD08-BC42-4865-A3B2-D95BBBFD7272}.Release|Any CPU.Build.0 = Release|Any CPU
		{4614C549-D2FA-465E-8148-688224FF9F47}.Debug|Any CPU.ActiveCfg = Debug|Any CPU
		{4614C549-D2FA-465E-8148-688224FF9F47}.Debug|Any CPU.Build.0 = Debug|Any CPU
		{4614C549-D2FA-465E-8148-688224FF9F47}.Release|Any CPU.ActiveCfg = Release|Any CPU
		{4614C549-D2FA-465E-8148-688224FF9F47}.Release|Any CPU.Build.0 = Release|Any CPU
		{8A770C08-C34A-4C12-9063-7A4BBCAD0A27}.Debug|Any CPU.ActiveCfg = Debug|Any CPU
		{8A770C08-C34A-4C12-9063-7A4BBCAD0A27}.Debug|Any CPU.Build.0 = Debug|Any CPU
		{8A770C08-C34A-4C12-9063-7A4BBCAD0A27}.Release|Any CPU.ActiveCfg = Release|Any CPU
		{8A770C08-C34A-4C12-9063-7A4BBCAD0A27}.Release|Any CPU.Build.0 = Release|Any CPU
		{586941C0-1783-4804-BE81-A795E8C6BC6B}.Debug|Any CPU.ActiveCfg = Debug|Any CPU
		{586941C0-1783-4804-BE81-A795E8C6BC6B}.Debug|Any CPU.Build.0 = Debug|Any CPU
		{586941C0-1783-4804-BE81-A795E8C6BC6B}.Release|Any CPU.ActiveCfg = Release|Any CPU
		{586941C0-1783-4804-BE81-A795E8C6BC6B}.Release|Any CPU.Build.0 = Release|Any CPU
		{6DA38302-0C2B-4FC2-BB22-5102BBE10EFC}.Debug|Any CPU.ActiveCfg = Debug|Any CPU
		{6DA38302-0C2B-4FC2-BB22-5102BBE10EFC}.Debug|Any CPU.Build.0 = Debug|Any CPU
		{6DA38302-0C2B-4FC2-BB22-5102BBE10EFC}.Release|Any CPU.ActiveCfg = Release|Any CPU
		{6DA38302-0C2B-4FC2-BB22-5102BBE10EFC}.Release|Any CPU.Build.0 = Release|Any CPU
		{63454AE2-9DBF-4004-BDC9-8587CB4964A4}.Debug|Any CPU.ActiveCfg = Debug|Any CPU
		{63454AE2-9DBF-4004-BDC9-8587CB4964A4}.Debug|Any CPU.Build.0 = Debug|Any CPU
		{63454AE2-9DBF-4004-BDC9-8587CB4964A4}.Release|Any CPU.ActiveCfg = Release|Any CPU
		{63454AE2-9DBF-4004-BDC9-8587CB4964A4}.Release|Any CPU.Build.0 = Release|Any CPU
		{734067AF-4053-43C5-94E9-02E4847D8772}.Debug|Any CPU.ActiveCfg = Debug|Any CPU
		{734067AF-4053-43C5-94E9-02E4847D8772}.Debug|Any CPU.Build.0 = Debug|Any CPU
		{734067AF-4053-43C5-94E9-02E4847D8772}.Release|Any CPU.ActiveCfg = Release|Any CPU
		{734067AF-4053-43C5-94E9-02E4847D8772}.Release|Any CPU.Build.0 = Release|Any CPU
		{AC766AF3-FAE5-4BAB-9EF8-14ABCCCDB40E}.Debug|Any CPU.ActiveCfg = Debug|Any CPU
		{AC766AF3-FAE5-4BAB-9EF8-14ABCCCDB40E}.Debug|Any CPU.Build.0 = Debug|Any CPU
		{AC766AF3-FAE5-4BAB-9EF8-14ABCCCDB40E}.Release|Any CPU.ActiveCfg = Release|Any CPU
		{AC766AF3-FAE5-4BAB-9EF8-14ABCCCDB40E}.Release|Any CPU.Build.0 = Release|Any CPU
		{E5155E2E-C0DF-4282-A3F4-F0B8C9BADC91}.Debug|Any CPU.ActiveCfg = Debug|Any CPU
		{E5155E2E-C0DF-4282-A3F4-F0B8C9BADC91}.Debug|Any CPU.Build.0 = Debug|Any CPU
		{E5155E2E-C0DF-4282-A3F4-F0B8C9BADC91}.Release|Any CPU.ActiveCfg = Release|Any CPU
		{E5155E2E-C0DF-4282-A3F4-F0B8C9BADC91}.Release|Any CPU.Build.0 = Release|Any CPU
		{618BD5C4-0840-404C-82D5-03EBCB83E1AA}.Debug|Any CPU.ActiveCfg = Debug|Any CPU
		{618BD5C4-0840-404C-82D5-03EBCB83E1AA}.Debug|Any CPU.Build.0 = Debug|Any CPU
		{618BD5C4-0840-404C-82D5-03EBCB83E1AA}.Release|Any CPU.ActiveCfg = Release|Any CPU
		{618BD5C4-0840-404C-82D5-03EBCB83E1AA}.Release|Any CPU.Build.0 = Release|Any CPU
	EndGlobalSection
	GlobalSection(SolutionProperties) = preSolution
		HideSolutionNode = FALSE
	EndGlobalSection
	GlobalSection(ExtensibilityGlobals) = postSolution
		SolutionGuid = {F0066EF1-B1EE-46B1-8DE7-6F3B63AC694C}
	EndGlobalSection
EndGlobal
